
Microsoft Visual Studio Solution File, Format Version 12.00
# Visual Studio 15
VisualStudioVersion = 15.0.27004.2002
MinimumVisualStudioVersion = 10.0.40219.1
Project("{FAE04EC0-301F-11D3-BF4B-00C04F79EFBC}") = "Obligarorio 1-Programación 2", "Obligarorio 1-Programación 2\Obligarorio 1-Programación 2.csproj", "{A263D410-FDF9-4FD3-9B4D-7177764EB051}"
EndProject
Global
	GlobalSection(SolutionConfigurationPlatforms) = preSolution
		Debug|Any CPU = Debug|Any CPU
		Release|Any CPU = Release|Any CPU
	EndGlobalSection
	GlobalSection(ProjectConfigurationPlatforms) = postSolution
		{A263D410-FDF9-4FD3-9B4D-7177764EB051}.Debug|Any CPU.ActiveCfg = Debug|Any CPU
		{A263D410-FDF9-4FD3-9B4D-7177764EB051}.Debug|Any CPU.Build.0 = Debug|Any CPU
		{A263D410-FDF9-4FD3-9B4D-7177764EB051}.Release|Any CPU.ActiveCfg = Release|Any CPU
		{A263D410-FDF9-4FD3-9B4D-7177764EB051}.Release|Any CPU.Build.0 = Release|Any CPU
	EndGlobalSection
	GlobalSection(SolutionProperties) = preSolution
		HideSolutionNode = FALSE
	EndGlobalSection
	GlobalSection(ExtensibilityGlobals) = postSolution
		SolutionGuid = {DB562B53-5F43-4DEF-B751-ADEC79DC76CF}
	EndGlobalSection
	GlobalSection(TeamFoundationVersionControl) = preSolution
		SccNumberOfProjects = 2
		SccEnterpriseProvider = {4CA58AB2-18FA-4F8D-95D4-32DDF27D184C}
		SccTeamFoundationServer = http://desktop-ocd5p6u:8080/tfs/defaultcollection
		SccLocalPath0 = .
		SccProjectUniqueName1 = Obligarorio\u00201-Programación\u00202\\Obligarorio\u00201-Programación\u00202.csproj
		SccProjectName1 = Obligarorio\u00201-Programación\u00202
		SccLocalPath1 = Obligarorio\u00201-Programación\u00202
	EndGlobalSection
EndGlobal
